
Microsoft Visual Studio Solution File, Format Version 12.00
# Visual Studio Version 17
VisualStudioVersion = 17.10.35027.167
MinimumVisualStudioVersion = 10.0.40219.1
Project("{FAE04EC0-301F-11D3-BF4B-00C04F79EFBC}") = "Console_BankManagement", "Console_BankManagement\Console_BankManagement.csproj", "{3DD10BFC-4F78-490D-8A39-FBFF0D3E883E}"
EndProject
Global
	GlobalSection(SolutionConfigurationPlatforms) = preSolution
		Debug|Any CPU = Debug|Any CPU
		Release|Any CPU = Release|Any CPU
	EndGlobalSection
	GlobalSection(ProjectConfigurationPlatforms) = postSolution
		{3DD10BFC-4F78-490D-8A39-FBFF0D3E883E}.Debug|Any CPU.ActiveCfg = Debug|Any CPU
		{3DD10BFC-4F78-490D-8A39-FBFF0D3E883E}.Debug|Any CPU.Build.0 = Debug|Any CPU
		{3DD10BFC-4F78-490D-8A39-FBFF0D3E883E}.Release|Any CPU.ActiveCfg = Release|Any CPU
		{3DD10BFC-4F78-490D-8A39-FBFF0D3E883E}.Release|Any CPU.Build.0 = Release|Any CPU
	EndGlobalSection
	GlobalSection(SolutionProperties) = preSolution
		HideSolutionNode = FALSE
	EndGlobalSection
	GlobalSection(ExtensibilityGlobals) = postSolution
		SolutionGuid = {81AE4B01-E48A-4B6C-BA91-3E778F6178FC}
	EndGlobalSection
EndGlobal
