
Microsoft Visual Studio Solution File, Format Version 12.00
# Visual Studio Version 17
VisualStudioVersion = 17.10.35027.167
MinimumVisualStudioVersion = 10.0.40219.1
Project("{FAE04EC0-301F-11D3-BF4B-00C04F79EFBC}") = "Factorial_Number", "Factorial_Number\Factorial_Number.csproj", "{24A2F982-2F2E-41F9-B6E7-77AE3112597E}"
EndProject
Global
	GlobalSection(SolutionConfigurationPlatforms) = preSolution
		Debug|Any CPU = Debug|Any CPU
		Release|Any CPU = Release|Any CPU
	EndGlobalSection
	GlobalSection(ProjectConfigurationPlatforms) = postSolution
		{24A2F982-2F2E-41F9-B6E7-77AE3112597E}.Debug|Any CPU.ActiveCfg = Debug|Any CPU
		{24A2F982-2F2E-41F9-B6E7-77AE3112597E}.Debug|Any CPU.Build.0 = Debug|Any CPU
		{24A2F982-2F2E-41F9-B6E7-77AE3112597E}.Release|Any CPU.ActiveCfg = Release|Any CPU
		{24A2F982-2F2E-41F9-B6E7-77AE3112597E}.Release|Any CPU.Build.0 = Release|Any CPU
	EndGlobalSection
	GlobalSection(SolutionProperties) = preSolution
		HideSolutionNode = FALSE
	EndGlobalSection
	GlobalSection(ExtensibilityGlobals) = postSolution
		SolutionGuid = {EE03630B-7C38-406B-AC77-33244F15A9D8}
	EndGlobalSection
EndGlobal
